
Microsoft Visual Studio Solution File, Format Version 12.00
# Visual Studio Version 17
VisualStudioVersion = 17.9.34902.65
MinimumVisualStudioVersion = 10.0.40219.1
Project("{FAE04EC0-301F-11D3-BF4B-00C04F79EFBC}") = "VirtualVistaHub", "VirtualVistaHub\VirtualVistaHub.csproj", "{679D2FAE-D6B1-458E-96E1-E8A742F9DC01}"
EndProject
Global
	GlobalSection(SolutionConfigurationPlatforms) = preSolution
		Debug|Any CPU = Debug|Any CPU
		Release|Any CPU = Release|Any CPU
	EndGlobalSection
	GlobalSection(ProjectConfigurationPlatforms) = postSolution
		{679D2FAE-D6B1-458E-96E1-E8A742F9DC01}.Debug|Any CPU.ActiveCfg = Debug|Any CPU
		{679D2FAE-D6B1-458E-96E1-E8A742F9DC01}.Debug|Any CPU.Build.0 = Debug|Any CPU
		{679D2FAE-D6B1-458E-96E1-E8A742F9DC01}.Release|Any CPU.ActiveCfg = Release|Any CPU
		{679D2FAE-D6B1-458E-96E1-E8A742F9DC01}.Release|Any CPU.Build.0 = Release|Any CPU
	EndGlobalSection
	GlobalSection(SolutionProperties) = preSolution
		HideSolutionNode = FALSE
	EndGlobalSection
	GlobalSection(ExtensibilityGlobals) = postSolution
		SolutionGuid = {6996A7CF-1D45-437C-A6C2-5D648969DF9C}
	EndGlobalSection
EndGlobal
