
Microsoft Visual Studio Solution File, Format Version 12.00
# Visual Studio Version 17
VisualStudioVersion = 17.4.33213.308
MinimumVisualStudioVersion = 10.0.40219.1
Project("{FAE04EC0-301F-11D3-BF4B-00C04F79EFBC}") = "VirtualVistaHub", "VirtualVistaHub\VirtualVistaHub.csproj", "{568BC453-0407-4CAB-BFDE-F25E0A7562DD}"
EndProject
Global
	GlobalSection(SolutionConfigurationPlatforms) = preSolution
		Debug|Any CPU = Debug|Any CPU
		Release|Any CPU = Release|Any CPU
	EndGlobalSection
	GlobalSection(ProjectConfigurationPlatforms) = postSolution
		{568BC453-0407-4CAB-BFDE-F25E0A7562DD}.Debug|Any CPU.ActiveCfg = Debug|Any CPU
		{568BC453-0407-4CAB-BFDE-F25E0A7562DD}.Debug|Any CPU.Build.0 = Debug|Any CPU
		{568BC453-0407-4CAB-BFDE-F25E0A7562DD}.Release|Any CPU.ActiveCfg = Release|Any CPU
		{568BC453-0407-4CAB-BFDE-F25E0A7562DD}.Release|Any CPU.Build.0 = Release|Any CPU
	EndGlobalSection
	GlobalSection(SolutionProperties) = preSolution
		HideSolutionNode = FALSE
	EndGlobalSection
	GlobalSection(ExtensibilityGlobals) = postSolution
		SolutionGuid = {1B6C09D7-EC45-4D94-904B-346882FFB5DD}
	EndGlobalSection
EndGlobal
